version = 1
revision = 3
requires-python = "==3.10.*"

[[package]]
name = "alembic"
version = "1.0.10"
source = { registry = "https://pypi.org/simple" }
dependencies = [
    { name = "mako" },
    { name = "python-dateutil" },
    { name = "python-editor" },
    { name = "sqlalchemy" },
]
sdist = { url = "https://files.pythonhosted.org/packages/6e/8b/fa3bd058cccd5e9177fea4efa26bfb769228fdd3178436ad5e05830ef6ef/alembic-1.0.10.tar.gz", hash = "sha256:828dcaa922155a2b7166c4f36ec45268944e4055c86499bd14319b4c8c0094b7", size = 1019446, upload-time = "2019-04-28T19:00:03.699Z" }

[[package]]
name = "attrs"
version = "17.2.0"
source = { registry = "https://pypi.org/simple" }
sdist = { url = "https://files.pythonhosted.org/packages/be/41/e909cb6d901e9689da947419505cc7fb7d242a08a62ee221fce6a009a523/attrs-17.2.0.tar.gz", hash = "sha256:5d4d1b99f94d69338f485984127e4473b3ab9e20f43821b0e546cc3b2302fd11", size = 73733, upload-time = "2017-05-24T18:04:10.45Z" }
wheels = [
    { url = "https://files.pythonhosted.org/packages/cd/ff/2d0c4483443789477022d85ab467bc4c0f18c6d45cb02234ed64048cbb33/attrs-17.2.0-py2.py3-none-any.whl", hash = "sha256:a7e0d9183f6457de12df7ba6a81f6569c7d6b25f67ad509b5ad52e8545970a2f", size = 24590, upload-time = "2017-05-24T18:04:08.794Z" },
]

[[package]]
name = "autobahn"
version = "17.9.2"
source = { registry = "https://pypi.org/simple" }
dependencies = [
    { name = "six" },
    { name = "txaio" },
]
sdist = { url = "https://files.pythonhosted.org/packages/17/71/898dbf715057e720b01e351f2b00d881cf1066c0d0dd719446e930de6818/autobahn-17.9.2.tar.gz", hash = "sha256:15758e1f507d191a0b56dca911eba780d12e603e0a4567bd2ec0ec08bf08cd4c", size = 209442, upload-time = "2017-09-12T19:34:25.851Z" }
wheels = [
    { url = "https://files.pythonhosted.org/packages/ee/d5/b27614e1b32d702c5891580ddccbbf8e6699dfc39938a1b8509000739fef/autobahn-17.9.2-py2.py3-none-any.whl", hash = "sha256:0ecc2c13bccc60806ae568fa0d20700e37ce45686227c129cc7f24f1b23c0a95", size = 280720, upload-time = "2017-09-12T19:34:23.523Z" },
]

[[package]]
name = "automat"
version = "24.8.1"
source = { registry = "https://pypi.org/simple" }
sdist = { url = "https://files.pythonhosted.org/packages/8d/2d/ede4ad7fc34ab4482389fa3369d304f2fa22e50770af706678f6a332fa82/automat-24.8.1.tar.gz", hash = "sha256:b34227cf63f6325b8ad2399ede780675083e439b20c323d376373d8ee6306d88", size = 128679, upload-time = "2024-08-19T17:31:58.187Z" }
wheels = [
    { url = "https://files.pythonhosted.org/packages/af/cc/55a32a2c98022d88812b5986d2a92c4ff3ee087e83b712ebc703bba452bf/Automat-24.8.1-py3-none-any.whl", hash = "sha256:bf029a7bc3da1e2c24da2343e7598affaa9f10bf0ab63ff808566ce90551e02a", size = 42585, upload-time = "2024-08-19T17:31:56.729Z" },
]

[[package]]
name = "babel"
version = "2.17.0"
source = { registry = "https://pypi.org/simple" }
sdist = { url = "https://files.pythonhosted.org/packages/7d/6b/d52e42361e1aa00709585ecc30b3f9684b3ab62530771402248b1b1d6240/babel-2.17.0.tar.gz", hash = "sha256:0c54cffb19f690cdcc52a3b50bcbf71e07a808d1c80d549f2459b9d2cf0afb9d", size = 9951852, upload-time = "2025-02-01T15:17:41.026Z" }
wheels = [
    { url = "https://files.pythonhosted.org/packages/b7/b8/3fe70c75fe32afc4bb507f75563d39bc5642255d1d94f1f23604725780bf/babel-2.17.0-py3-none-any.whl", hash = "sha256:4d0b53093fdfb4b21c92b5213dba5a1b23885afa8383709427046b21c366e5f2", size = 10182537, upload-time = "2025-02-01T15:17:37.39Z" },
]

[[package]]
name = "cffi"
version = "1.17.1"
source = { registry = "https://pypi.org/simple" }
dependencies = [
    { name = "pycparser" },
]
sdist = { url = "https://files.pythonhosted.org/packages/fc/97/c783634659c2920c3fc70419e3af40972dbaf758daa229a7d6ea6135c90d/cffi-1.17.1.tar.gz", hash = "sha256:1c39c6016c32bc48dd54561950ebd6836e1670f2ae46128f67cf49e789c52824", size = 516621, upload-time = "2024-09-04T20:45:21.852Z" }
wheels = [
    { url = "https://files.pythonhosted.org/packages/90/07/f44ca684db4e4f08a3fdc6eeb9a0d15dc6883efc7b8c90357fdbf74e186c/cffi-1.17.1-cp310-cp310-macosx_10_9_x86_64.whl", hash = "sha256:df8b1c11f177bc2313ec4b2d46baec87a5f3e71fc8b45dab2ee7cae86d9aba14", size = 182191, upload-time = "2024-09-04T20:43:30.027Z" },
    { url = "https://files.pythonhosted.org/packages/08/fd/cc2fedbd887223f9f5d170c96e57cbf655df9831a6546c1727ae13fa977a/cffi-1.17.1-cp310-cp310-macosx_11_0_arm64.whl", hash = "sha256:8f2cdc858323644ab277e9bb925ad72ae0e67f69e804f4898c070998d50b1a67", size = 178592, upload-time = "2024-09-04T20:43:32.108Z" },
    { url = "https://files.pythonhosted.org/packages/de/cc/4635c320081c78d6ffc2cab0a76025b691a91204f4aa317d568ff9280a2d/cffi-1.17.1-cp310-cp310-manylinux_2_12_i686.manylinux2010_i686.manylinux_2_17_i686.manylinux2014_i686.whl", hash = "sha256:edae79245293e15384b51f88b00613ba9f7198016a5948b5dddf4917d4d26382", size = 426024, upload-time = "2024-09-04T20:43:34.186Z" },
    { url = "https://files.pythonhosted.org/packages/b6/7b/3b2b250f3aab91abe5f8a51ada1b717935fdaec53f790ad4100fe2ec64d1/cffi-1.17.1-cp310-cp310-manylinux_2_17_aarch64.manylinux2014_aarch64.whl", hash = "sha256:45398b671ac6d70e67da8e4224a065cec6a93541bb7aebe1b198a61b58c7b702", size = 448188, upload-time = "2024-09-04T20:43:36.286Z" },
    { url = "https://files.pythonhosted.org/packages/d3/48/1b9283ebbf0ec065148d8de05d647a986c5f22586b18120020452fff8f5d/cffi-1.17.1-cp310-cp310-manylinux_2_17_ppc64le.manylinux2014_ppc64le.whl", hash = "sha256:ad9413ccdeda48c5afdae7e4fa2192157e991ff761e7ab8fdd8926f40b160cc3", size = 455571, upload-time = "2024-09-04T20:43:38.586Z" },
    { url = "https://files.pythonhosted.org/packages/40/87/3b8452525437b40f39ca7ff70276679772ee7e8b394934ff60e63b7b090c/cffi-1.17.1-cp310-cp310-manylinux_2_17_s390x.manylinux2014_s390x.whl", hash = "sha256:5da5719280082ac6bd9aa7becb3938dc9f9cbd57fac7d2871717b1feb0902ab6", size = 436687, upload-time = "2024-09-04T20:43:40.084Z" },
    { url = "https://files.pythonhosted.org/packages/8d/fb/4da72871d177d63649ac449aec2e8a29efe0274035880c7af59101ca2232/cffi-1.17.1-cp310-cp310-manylinux_2_17_x86_64.manylinux2014_x86_64.whl", hash = "sha256:2bb1a08b8008b281856e5971307cc386a8e9c5b625ac297e853d36da6efe9c17", size = 446211, upload-time = "2024-09-04T20:43:41.526Z" },
    { url = "https://files.pythonhosted.org/packages/ab/a0/62f00bcb411332106c02b663b26f3545a9ef136f80d5df746c05878f8c4b/cffi-1.17.1-cp310-cp310-musllinux_1_1_aarch64.whl", hash = "sha256:045d61c734659cc045141be4bae381a41d89b741f795af1dd018bfb532fd0df8", size = 461325, upload-time = "2024-09-04T20:43:43.117Z" },
    { url = "https://files.pythonhosted.org/packages/36/83/76127035ed2e7e27b0787604d99da630ac3123bfb02d8e80c633f218a11d/cffi-1.17.1-cp310-cp310-musllinux_1_1_i686.whl", hash = "sha256:6883e737d7d9e4899a8a695e00ec36bd4e5e4f18fabe0aca0efe0a4b44cdb13e", size = 438784, upload-time = "2024-09-04T20:43:45.256Z" },
    { url = "https://files.pythonhosted.org/packages/21/81/a6cd025db2f08ac88b901b745c163d884641909641f9b826e8cb87645942/cffi-1.17.1-cp310-cp310-musllinux_1_1_x86_64.whl", hash = "sha256:6b8b4a92e1c65048ff98cfe1f735ef8f1ceb72e3d5f0c25fdb12087a23da22be", size = 461564, upload-time = "2024-09-04T20:43:46.779Z" },
    { url = "https://files.pythonhosted.org/packages/f8/fe/4d41c2f200c4a457933dbd98d3cf4e911870877bd94d9656cc0fcb390681/cffi-1.17.1-cp310-cp310-win32.whl", hash = "sha256:c9c3d058ebabb74db66e431095118094d06abf53284d9c81f27300d0e0d8bc7c", size = 171804, upload-time = "2024-09-04T20:43:48.186Z" },
    { url = "https://files.pythonhosted.org/packages/d1/b6/0b0f5ab93b0df4acc49cae758c81fe4e5ef26c3ae2e10cc69249dfd8b3ab/cffi-1.17.1-cp310-cp310-win_amd64.whl", hash = "sha256:0f048dcf80db46f0098ccac01132761580d28e28bc0f78ae0d58048063317e15", size = 181299, upload-time = "2024-09-04T20:43:49.812Z" },
]

[[package]]
name = "constantly"
version = "23.10.4"
source = { registry = "https://pypi.org/simple" }
sdist = { url = "https://files.pythonhosted.org/packages/4d/6f/cb2a94494ff74aa9528a36c5b1422756330a75a8367bf20bd63171fc324d/constantly-23.10.4.tar.gz", hash = "sha256:aa92b70a33e2ac0bb33cd745eb61776594dc48764b06c35e0efd050b7f1c7cbd", size = 13300, upload-time = "2023-10-28T23:18:24.316Z" }
wheels = [
    { url = "https://files.pythonhosted.org/packages/b8/40/c199d095151addf69efdb4b9ca3a4f20f70e20508d6222bffb9b76f58573/constantly-23.10.4-py3-none-any.whl", hash = "sha256:3fd9b4d1c3dc1ec9757f3c52aef7e53ad9323dbe39f51dfd4c43853b68dfa3f9", size = 13547, upload-time = "2023-10-28T23:18:23.038Z" },
]

[[package]]
name = "cryptography"
version = "44.0.2"
source = { registry = "https://pypi.org/simple" }
dependencies = [
    { name = "cffi", marker = "platform_python_implementation != 'PyPy'" },
]
sdist = { url = "https://files.pythonhosted.org/packages/cd/25/4ce80c78963834b8a9fd1cc1266be5ed8d1840785c0f2e1b73b8d128d505/cryptography-44.0.2.tar.gz", hash = "sha256:c63454aa261a0cf0c5b4718349629793e9e634993538db841165b3df74f37ec0", size = 710807, upload-time = "2025-03-02T00:01:37.692Z" }
wheels = [
    { url = "https://files.pythonhosted.org/packages/92/ef/83e632cfa801b221570c5f58c0369db6fa6cef7d9ff859feab1aae1a8a0f/cryptography-44.0.2-cp37-abi3-macosx_10_9_universal2.whl", hash = "sha256:efcfe97d1b3c79e486554efddeb8f6f53a4cdd4cf6086642784fa31fc384e1d7", size = 6676361, upload-time = "2025-03-02T00:00:06.528Z" },
    { url = "https://files.pythonhosted.org/packages/30/ec/7ea7c1e4c8fc8329506b46c6c4a52e2f20318425d48e0fe597977c71dbce/cryptography-44.0.2-cp37-abi3-manylinux_2_17_aarch64.manylinux2014_aarch64.whl", hash = "sha256:29ecec49f3ba3f3849362854b7253a9f59799e3763b0c9d0826259a88efa02f1", size = 3952350, upload-time = "2025-03-02T00:00:09.537Z" },
    { url = "https://files.pythonhosted.org/packages/27/61/72e3afdb3c5ac510330feba4fc1faa0fe62e070592d6ad00c40bb69165e5/cryptography-44.0.2-cp37-abi3-manylinux_2_17_x86_64.manylinux2014_x86_64.whl", hash = "sha256:bc821e161ae88bfe8088d11bb39caf2916562e0a2dc7b6d56714a48b784ef0bb", size = 4166572, upload-time = "2025-03-02T00:00:12.03Z" },
    { url = "https://files.pythonhosted.org/packages/26/e4/ba680f0b35ed4a07d87f9e98f3ebccb05091f3bf6b5a478b943253b3bbd5/cryptography-44.0.2-cp37-abi3-manylinux_2_28_aarch64.whl", hash = "sha256:3c00b6b757b32ce0f62c574b78b939afab9eecaf597c4d624caca4f9e71e7843", size = 3958124, upload-time = "2025-03-02T00:00:14.518Z" },
    { url = "https://files.pythonhosted.org/packages/9c/e8/44ae3e68c8b6d1cbc59040288056df2ad7f7f03bbcaca6b503c737ab8e73/cryptography-44.0.2-cp37-abi3-manylinux_2_28_armv7l.manylinux_2_31_armv7l.whl", hash = "sha256:7bdcd82189759aba3816d1f729ce42ffded1ac304c151d0a8e89b9996ab863d5", size = 3678122, upload-time = "2025-03-02T00:00:17.212Z" },
    { url = "https://files.pythonhosted.org/packages/27/7b/664ea5e0d1eab511a10e480baf1c5d3e681c7d91718f60e149cec09edf01/cryptography-44.0.2-cp37-abi3-manylinux_2_28_x86_64.whl", hash = "sha256:4973da6ca3db4405c54cd0b26d328be54c7747e89e284fcff166132eb7bccc9c", size = 4191831, upload-time = "2025-03-02T00:00:19.696Z" },
    { url = "https://files.pythonhosted.org/packages/2a/07/79554a9c40eb11345e1861f46f845fa71c9e25bf66d132e123d9feb8e7f9/cryptography-44.0.2-cp37-abi3-manylinux_2_34_aarch64.whl", hash = "sha256:4e389622b6927d8133f314949a9812972711a111d577a5d1f4bee5e58736b80a", size = 3960583, upload-time = "2025-03-02T00:00:22.488Z" },
    { url = "https://files.pythonhosted.org/packages/bb/6d/858e356a49a4f0b591bd6789d821427de18432212e137290b6d8a817e9bf/cryptography-44.0.2-cp37-abi3-manylinux_2_34_x86_64.whl", hash = "sha256:f514ef4cd14bb6fb484b4a60203e912cfcb64f2ab139e88c2274511514bf7308", size = 4191753, upload-time = "2025-03-02T00:00:25.038Z" },
    { url = "https://files.pythonhosted.org/packages/b2/80/62df41ba4916067fa6b125aa8c14d7e9181773f0d5d0bd4dcef580d8b7c6/cryptography-44.0.2-cp37-abi3-musllinux_1_2_aarch64.whl", hash = "sha256:1bc312dfb7a6e5d66082c87c34c8a62176e684b6fe3d90fcfe1568de675e6688", size = 4079550, upload-time = "2025-03-02T00:00:26.929Z" },
    { url = "https://files.pythonhosted.org/packages/f3/cd/2558cc08f7b1bb40683f99ff4327f8dcfc7de3affc669e9065e14824511b/cryptography-44.0.2-cp37-abi3-musllinux_1_2_x86_64.whl", hash = "sha256:3b721b8b4d948b218c88cb8c45a01793483821e709afe5f622861fc6182b20a7", size = 4298367, upload-time = "2025-03-02T00:00:28.735Z" },
    { url = "https://files.pythonhosted.org/packages/71/59/94ccc74788945bc3bd4cf355d19867e8057ff5fdbcac781b1ff95b700fb1/cryptography-44.0.2-cp37-abi3-win32.whl", hash = "sha256:51e4de3af4ec3899d6d178a8c005226491c27c4ba84101bfb59c901e10ca9f79", size = 2772843, upload-time = "2025-03-02T00:00:30.592Z" },
    { url = "https://files.pythonhosted.org/packages/ca/2c/0d0bbaf61ba05acb32f0841853cfa33ebb7a9ab3d9ed8bb004bd39f2da6a/cryptography-44.0.2-cp37-abi3-win_amd64.whl", hash = "sha256:c505d61b6176aaf982c5717ce04e87da5abc9a36a5b39ac03905c4aafe8de7aa", size = 3209057, upload-time = "2025-03-02T00:00:33.393Z" },
    { url = "https://files.pythonhosted.org/packages/9e/be/7a26142e6d0f7683d8a382dd963745e65db895a79a280a30525ec92be890/cryptography-44.0.2-cp39-abi3-macosx_10_9_universal2.whl", hash = "sha256:8e0ddd63e6bf1161800592c71ac794d3fb8001f2caebe0966e77c5234fa9efc3", size = 6677789, upload-time = "2025-03-02T00:00:36.009Z" },
    { url = "https://files.pythonhosted.org/packages/06/88/638865be7198a84a7713950b1db7343391c6066a20e614f8fa286eb178ed/cryptography-44.0.2-cp39-abi3-manylinux_2_17_aarch64.manylinux2014_aarch64.whl", hash = "sha256:81276f0ea79a208d961c433a947029e1a15948966658cf6710bbabb60fcc2639", size = 3951919, upload-time = "2025-03-02T00:00:38.581Z" },
    { url = "https://files.pythonhosted.org/packages/d7/fc/99fe639bcdf58561dfad1faa8a7369d1dc13f20acd78371bb97a01613585/cryptography-44.0.2-cp39-abi3-manylinux_2_17_x86_64.manylinux2014_x86_64.whl", hash = "sha256:9a1e657c0f4ea2a23304ee3f964db058c9e9e635cc7019c4aa21c330755ef6fd", size = 4167812, upload-time = "2025-03-02T00:00:42.934Z" },
    { url = "https://files.pythonhosted.org/packages/53/7b/aafe60210ec93d5d7f552592a28192e51d3c6b6be449e7fd0a91399b5d07/cryptography-44.0.2-cp39-abi3-manylinux_2_28_aarch64.whl", hash = "sha256:6210c05941994290f3f7f175a4a57dbbb2afd9273657614c506d5976db061181", size = 3958571, upload-time = "2025-03-02T00:00:46.026Z" },
    { url = "https://files.pythonhosted.org/packages/16/32/051f7ce79ad5a6ef5e26a92b37f172ee2d6e1cce09931646eef8de1e9827/cryptography-44.0.2-cp39-abi3-manylinux_2_28_armv7l.manylinux_2_31_armv7l.whl", hash = "sha256:d1c3572526997b36f245a96a2b1713bf79ce99b271bbcf084beb6b9b075f29ea", size = 3679832, upload-time = "2025-03-02T00:00:48.647Z" },
    { url = "https://files.pythonhosted.org/packages/78/2b/999b2a1e1ba2206f2d3bca267d68f350beb2b048a41ea827e08ce7260098/cryptography-44.0.2-cp39-abi3-manylinux_2_28_x86_64.whl", hash = "sha256:b042d2a275c8cee83a4b7ae30c45a15e6a4baa65a179a0ec2d78ebb90e4f6699", size = 4193719, upload-time = "2025-03-02T00:00:51.397Z" },
    { url = "https://files.pythonhosted.org/packages/72/97/430e56e39a1356e8e8f10f723211a0e256e11895ef1a135f30d7d40f2540/cryptography-44.0.2-cp39-abi3-manylinux_2_34_aarch64.whl", hash = "sha256:d03806036b4f89e3b13b6218fefea8d5312e450935b1a2d55f0524e2ed7c59d9", size = 3960852, upload-time = "2025-03-02T00:00:53.317Z" },
    { url = "https://files.pythonhosted.org/packages/89/33/c1cf182c152e1d262cac56850939530c05ca6c8d149aa0dcee490b417e99/cryptography-44.0.2-cp39-abi3-manylinux_2_34_x86_64.whl", hash = "sha256:c7362add18b416b69d58c910caa217f980c5ef39b23a38a0880dfd87bdf8cd23", size = 4193906, upload-time = "2025-03-02T00:00:56.49Z" },
    { url = "https://files.pythonhosted.org/packages/e1/99/87cf26d4f125380dc674233971069bc28d19b07f7755b29861570e513650/cryptography-44.0.2-cp39-abi3-musllinux_1_2_aarch64.whl", hash = "sha256:8cadc6e3b5a1f144a039ea08a0bdb03a2a92e19c46be3285123d32029f40a922", size = 4081572, upload-time = "2025-03-02T00:00:59.995Z" },
    { url = "https://files.pythonhosted.org/packages/b3/9f/6a3e0391957cc0c5f84aef9fbdd763035f2b52e998a53f99345e3ac69312/cryptography-44.0.2-cp39-abi3-musllinux_1_2_x86_64.whl", hash = "sha256:6f101b1f780f7fc613d040ca4bdf835c6ef3b00e9bd7125a4255ec574c7916e4", size = 4298631, upload-time = "2025-03-02T00:01:01.623Z" },
    { url = "https://files.pythonhosted.org/packages/e2/a5/5bc097adb4b6d22a24dea53c51f37e480aaec3465285c253098642696423/cryptography-44.0.2-cp39-abi3-win32.whl", hash = "sha256:3dc62975e31617badc19a906481deacdeb80b4bb454394b4098e3f2525a488c5", size = 2773792, upload-time = "2025-03-02T00:01:04.133Z" },
    { url = "https://files.pythonhosted.org/packages/33/cf/1f7649b8b9a3543e042d3f348e398a061923ac05b507f3f4d95f11938aa9/cryptography-44.0.2-cp39-abi3-win_amd64.whl", hash = "sha256:5f6f90b72d8ccadb9c6e311c775c8305381db88374c65fa1a68250aa8a9cb3a6", size = 3210957, upload-time = "2025-03-02T00:01:06.987Z" },
    { url = "https://files.pythonhosted.org/packages/99/10/173be140714d2ebaea8b641ff801cbcb3ef23101a2981cbf08057876f89e/cryptography-44.0.2-pp310-pypy310_pp73-macosx_10_9_x86_64.whl", hash = "sha256:af4ff3e388f2fa7bff9f7f2b31b87d5651c45731d3e8cfa0944be43dff5cfbdb", size = 3396886, upload-time = "2025-03-02T00:01:09.51Z" },
    { url = "https://files.pythonhosted.org/packages/2f/b4/424ea2d0fce08c24ede307cead3409ecbfc2f566725d4701b9754c0a1174/cryptography-44.0.2-pp310-pypy310_pp73-manylinux_2_28_aarch64.whl", hash = "sha256:0529b1d5a0105dd3731fa65680b45ce49da4d8115ea76e9da77a875396727b41", size = 3892387, upload-time = "2025-03-02T00:01:11.348Z" },
    { url = "https://files.pythonhosted.org/packages/28/20/8eaa1a4f7c68a1cb15019dbaad59c812d4df4fac6fd5f7b0b9c5177f1edd/cryptography-44.0.2-pp310-pypy310_pp73-manylinux_2_28_x86_64.whl", hash = "sha256:7ca25849404be2f8e4b3c59483d9d3c51298a22c1c61a0e84415104dacaf5562", size = 4109922, upload-time = "2025-03-02T00:01:13.934Z" },
    { url = "https://files.pythonhosted.org/packages/11/25/5ed9a17d532c32b3bc81cc294d21a36c772d053981c22bd678396bc4ae30/cryptography-44.0.2-pp310-pypy310_pp73-manylinux_2_34_aarch64.whl", hash = "sha256:268e4e9b177c76d569e8a145a6939eca9a5fec658c932348598818acf31ae9a5", size = 3895715, upload-time = "2025-03-02T00:01:16.895Z" },
    { url = "https://files.pythonhosted.org/packages/63/31/2aac03b19c6329b62c45ba4e091f9de0b8f687e1b0cd84f101401bece343/cryptography-44.0.2-pp310-pypy310_pp73-manylinux_2_34_x86_64.whl", hash = "sha256:9eb9d22b0a5d8fd9925a7764a054dca914000607dff201a24c791ff5c799e1fa", size = 4109876, upload-time = "2025-03-02T00:01:18.751Z" },
    { url = "https://files.pythonhosted.org/packages/99/ec/6e560908349843718db1a782673f36852952d52a55ab14e46c42c8a7690a/cryptography-44.0.2-pp310-pypy310_pp73-win_amd64.whl", hash = "sha256:2bf7bf75f7df9715f810d1b038870309342bff3069c5bd8c6b96128cb158668d", size = 3131719, upload-time = "2025-03-02T00:01:21.269Z" },
]

[[package]]
name = "gsb"
version = "0.0.1.dev98"
source = { git = "https://github.com/chrisnorman7/game-server-base.git?rev=e2d0f12912bea56796e9b7fe7ab7ac8d2bae1311#e2d0f12912bea56796e9b7fe7ab7ac8d2bae1311" }
dependencies = [
    { name = "attrs" },
    { name = "twisted" },
]

[[package]]
name = "hyperlink"
version = "21.0.0"
source = { registry = "https://pypi.org/simple" }
dependencies = [
    { name = "idna" },
]
sdist = { url = "https://files.pythonhosted.org/packages/3a/51/1947bd81d75af87e3bb9e34593a4cf118115a8feb451ce7a69044ef1412e/hyperlink-21.0.0.tar.gz", hash = "sha256:427af957daa58bc909471c6c40f74c5450fa123dd093fc53efd2e91d2705a56b", size = 140743, upload-time = "2021-01-08T05:51:20.972Z" }
wheels = [
    { url = "https://files.pythonhosted.org/packages/6e/aa/8caf6a0a3e62863cbb9dab27135660acba46903b703e224f14f447e57934/hyperlink-21.0.0-py2.py3-none-any.whl", hash = "sha256:e6b14c37ecb73e89c77d78cdb4c2cc8f3fb59a885c5b3f819ff4ed80f25af1b4", size = 74638, upload-time = "2021-01-08T05:51:22.906Z" },
]

[[package]]
name = "idna"
version = "3.10"
source = { registry = "https://pypi.org/simple" }
sdist = { url = "https://files.pythonhosted.org/packages/f1/70/7703c29685631f5a7590aa73f1f1d3fa9a380e654b86af429e0934a32f7d/idna-3.10.tar.gz", hash = "sha256:12f65c9b470abda6dc35cf8e63cc574b1c52b11df2c86030af0ac09b01b13ea9", size = 190490, upload-time = "2024-09-15T18:07:39.745Z" }
wheels = [
    { url = "https://files.pythonhosted.org/packages/76/c6/c88e154df9c4e1a2a66ccf0005a88dfb2650c1dffb6f5ce603dfbd452ce3/idna-3.10-py3-none-any.whl", hash = "sha256:946d195a0d259cbba61165e88e65941f16e9b36ea6ddb97f00452bae8b1287d3", size = 70442, upload-time = "2024-09-15T18:07:37.964Z" },
]

[[package]]
name = "incremental"
version = "24.7.2"
source = { registry = "https://pypi.org/simple" }
dependencies = [
    { name = "setuptools" },
    { name = "tomli" },
]
sdist = { url = "https://files.pythonhosted.org/packages/27/87/156b374ff6578062965afe30cc57627d35234369b3336cf244b240c8d8e6/incremental-24.7.2.tar.gz", hash = "sha256:fb4f1d47ee60efe87d4f6f0ebb5f70b9760db2b2574c59c8e8912be4ebd464c9", size = 28157, upload-time = "2024-07-29T20:03:55.441Z" }
wheels = [
    { url = "https://files.pythonhosted.org/packages/0d/38/221e5b2ae676a3938c2c1919131410c342b6efc2baffeda395dd66eeca8f/incremental-24.7.2-py3-none-any.whl", hash = "sha256:8cb2c3431530bec48ad70513931a760f446ad6c25e8333ca5d95e24b0ed7b8fe", size = 20516, upload-time = "2024-07-29T20:03:53.677Z" },
]

[[package]]
name = "mailchecker"
version = "6.0.16"
source = { registry = "https://pypi.org/simple" }
sdist = { url = "https://files.pythonhosted.org/packages/68/43/cb3b98340bc3a5b54b5515c96f4d75ae099a7ee216fe66dba130c52102cb/mailchecker-6.0.16.tar.gz", hash = "sha256:5d94fbd0d7352ff5863cce2d4603ab8ecd4dd40503e0ed55fdebe372a4b9a8e9", size = 322480, upload-time = "2025-02-17T07:51:27.476Z" }
wheels = [
    { url = "https://files.pythonhosted.org/packages/8c/45/2dcb905dfe1733a9af20a152f7d1613a62a6502af31d052d0081196d4f4b/mailchecker-6.0.16-py3-none-any.whl", hash = "sha256:15352a0a6f316b745573c53a8f8c009c7057fc12d0b2581c39e409d75eb336d3", size = 322686, upload-time = "2025-02-17T07:51:24.327Z" },
]

[[package]]
name = "mako"
version = "1.3.9"
source = { registry = "https://pypi.org/simple" }
dependencies = [
    { name = "markupsafe" },
]
sdist = { url = "https://files.pythonhosted.org/packages/62/4f/ddb1965901bc388958db9f0c991255b2c469349a741ae8c9cd8a562d70a6/mako-1.3.9.tar.gz", hash = "sha256:b5d65ff3462870feec922dbccf38f6efb44e5714d7b593a656be86663d8600ac", size = 392195, upload-time = "2025-02-04T15:05:49.37Z" }
wheels = [
    { url = "https://files.pythonhosted.org/packages/cd/83/de0a49e7de540513f53ab5d2e105321dedeb08a8f5850f0208decf4390ec/Mako-1.3.9-py3-none-any.whl", hash = "sha256:95920acccb578427a9aa38e37a186b1e43156c87260d7ba18ca63aa4c7cbd3a1", size = 78456, upload-time = "2025-02-04T15:05:51.115Z" },
]

[[package]]
name = "markupsafe"
version = "3.0.2"
source = { registry = "https://pypi.org/simple" }
sdist = { url = "https://files.pythonhosted.org/packages/b2/97/5d42485e71dfc078108a86d6de8fa46db44a1a9295e89c5d6d4a06e23a62/markupsafe-3.0.2.tar.gz", hash = "sha256:ee55d3edf80167e48ea11a923c7386f4669df67d7994554387f84e7d8b0a2bf0", size = 20537, upload-time = "2024-10-18T15:21:54.129Z" }
wheels = [
    { url = "https://files.pythonhosted.org/packages/04/90/d08277ce111dd22f77149fd1a5d4653eeb3b3eaacbdfcbae5afb2600eebd/MarkupSafe-3.0.2-cp310-cp310-macosx_10_9_universal2.whl", hash = "sha256:7e94c425039cde14257288fd61dcfb01963e658efbc0ff54f5306b06054700f8", size = 14357, upload-time = "2024-10-18T15:20:51.44Z" },
    { url = "https://files.pythonhosted.org/packages/04/e1/6e2194baeae0bca1fae6629dc0cbbb968d4d941469cbab11a3872edff374/MarkupSafe-3.0.2-cp310-cp310-macosx_11_0_arm64.whl", hash = "sha256:9e2d922824181480953426608b81967de705c3cef4d1af983af849d7bd619158", size = 12393, upload-time = "2024-10-18T15:20:52.426Z" },
    { url = "https://files.pythonhosted.org/packages/1d/69/35fa85a8ece0a437493dc61ce0bb6d459dcba482c34197e3efc829aa357f/MarkupSafe-3.0.2-cp310-cp310-manylinux_2_17_aarch64.manylinux2014_aarch64.whl", hash = "sha256:38a9ef736c01fccdd6600705b09dc574584b89bea478200c5fbf112a6b0d5579", size = 21732, upload-time = "2024-10-18T15:20:53.578Z" },
    { url = "https://files.pythonhosted.org/packages/22/35/137da042dfb4720b638d2937c38a9c2df83fe32d20e8c8f3185dbfef05f7/MarkupSafe-3.0.2-cp310-cp310-manylinux_2_17_x86_64.manylinux2014_x86_64.whl", hash = "sha256:bbcb445fa71794da8f178f0f6d66789a28d7319071af7a496d4d507ed566270d", size = 20866, upload-time = "2024-10-18T15:20:55.06Z" },
    { url = "https://files.pythonhosted.org/packages/29/28/6d029a903727a1b62edb51863232152fd335d602def598dade38996887f0/MarkupSafe-3.0.2-cp310-cp310-manylinux_2_5_i686.manylinux1_i686.manylinux_2_17_i686.manylinux2014_i686.whl", hash = "sha256:57cb5a3cf367aeb1d316576250f65edec5bb3be939e9247ae594b4bcbc317dfb", size = 20964, upload-time = "2024-10-18T15:20:55.906Z" },
    { url = "https://files.pythonhosted.org/packages/cc/cd/07438f95f83e8bc028279909d9c9bd39e24149b0d60053a97b2bc4f8aa51/MarkupSafe-3.0.2-cp310-cp310-musllinux_1_2_aarch64.whl", hash = "sha256:3809ede931876f5b2ec92eef964286840ed3540dadf803dd570c3b7e13141a3b", size = 21977, upload-time = "2024-10-18T15:20:57.189Z" },
    { url = "https://files.pythonhosted.org/packages/29/01/84b57395b4cc062f9c4c55ce0df7d3108ca32397299d9df00fedd9117d3d/MarkupSafe-3.0.2-cp310-cp310-musllinux_1_2_i686.whl", hash = "sha256:e07c3764494e3776c602c1e78e298937c3315ccc9043ead7e685b7f2b8d47b3c", size = 21366, upload-time = "2024-10-18T15:20:58.235Z" },
    { url = "https://files.pythonhosted.org/packages/bd/6e/61ebf08d8940553afff20d1fb1ba7294b6f8d279df9fd0c0db911b4bbcfd/MarkupSafe-3.0.2-cp310-cp310-musllinux_1_2_x86_64.whl", hash = "sha256:b424c77b206d63d500bcb69fa55ed8d0e6a3774056bdc4839fc9298a7edca171", size = 21091, upload-time = "2024-10-18T15:20:59.235Z" },
    { url = "https://files.pythonhosted.org/packages/11/23/ffbf53694e8c94ebd1e7e491de185124277964344733c45481f32ede2499/MarkupSafe-3.0.2-cp310-cp310-win32.whl", hash = "sha256:fcabf5ff6eea076f859677f5f0b6b5c1a51e70a376b0579e0eadef8db48c6b50", size = 15065, upload-time = "2024-10-18T15:21:00.307Z" },
    { url = "https://files.pythonhosted.org/packages/44/06/e7175d06dd6e9172d4a69a72592cb3f7a996a9c396eee29082826449bbc3/MarkupSafe-3.0.2-cp310-cp310-win_amd64.whl", hash = "sha256:6af100e168aa82a50e186c82875a5893c5597a0c1ccdb0d8b40240b1f28b969a", size = 15514, upload-time = "2024-10-18T15:21:01.122Z" },
]

[[package]]
name = "natsort"
version = "5.1.0"
source = { registry = "https://pypi.org/simple" }
sdist = { url = "https://files.pythonhosted.org/packages/2c/dd/b93ede098823aacfc459b9f34079d2f4746cc45ccacec5f5475e2c54b08a/natsort-5.1.0.tar.gz", hash = "sha256:5db0fd17c9f8ef3d54962a6e46159ce4807c630f0931169cd15ce54f2ac395b9", size = 128959, upload-time = "2017-08-19T19:16:07.891Z" }
wheels = [
    { url = "https://files.pythonhosted.org/packages/bc/e7/163948f0bd24298d86bdd47d4934bf9fd564716dea73e19690080de985e1/natsort-5.1.0-py2.py3-none-any.whl", hash = "sha256:64b702ee943144beea9cc58f4b2893da3bc3dfa9bd31cd216f8bfd6dce6edf57", size = 35291, upload-time = "2017-08-19T19:16:05.826Z" },
]

[[package]]
name = "passlib"
version = "1.7.1"
source = { registry = "https://pypi.org/simple" }
sdist = { url = "https://files.pythonhosted.org/packages/25/4b/6fbfc66aabb3017cd8c3bd97b37f769d7503ead2899bf76e570eb91270de/passlib-1.7.1.tar.gz", hash = "sha256:3d948f64138c25633613f303bcc471126eae67c04d5e3f6b7b8ce6242f8653e0", size = 645724, upload-time = "2017-01-31T02:42:42.439Z" }
wheels = [
    { url = "https://files.pythonhosted.org/packages/ee/a7/d6d238d927df355d4e4e000670342ca4705a72f0bf694027cf67d9bcf5af/passlib-1.7.1-py2.py3-none-any.whl", hash = "sha256:43526aea08fa32c6b6dbbbe9963c4c767285b78147b7437597f992812f69d280", size = 498755, upload-time = "2017-01-31T02:42:45.029Z" },
]

[[package]]
name = "pycparser"
version = "2.22"
source = { registry = "https://pypi.org/simple" }
sdist = { url = "https://files.pythonhosted.org/packages/1d/b2/31537cf4b1ca988837256c910a668b553fceb8f069bedc4b1c826024b52c/pycparser-2.22.tar.gz", hash = "sha256:491c8be9c040f5390f5bf44a5b07752bd07f56edf992381b05c701439eec10f6", size = 172736, upload-time = "2024-03-30T13:22:22.564Z" }
wheels = [
    { url = "https://files.pythonhosted.org/packages/13/a3/a812df4e2dd5696d1f351d58b8fe16a405b234ad2886a0dab9183fb78109/pycparser-2.22-py3-none-any.whl", hash = "sha256:c3702b6d3dd8c7abc1afa565d7e63d53a1d0bd86cdc24edd75470f4de499cfcc", size = 117552, upload-time = "2024-03-30T13:22:20.476Z" },
]

[[package]]
name = "pyopenssl"
version = "25.0.0"
source = { registry = "https://pypi.org/simple" }
dependencies = [
    { name = "cryptography" },
    { name = "typing-extensions" },
]
sdist = { url = "https://files.pythonhosted.org/packages/9f/26/e25b4a374b4639e0c235527bbe31c0524f26eda701d79456a7e1877f4cc5/pyopenssl-25.0.0.tar.gz", hash = "sha256:cd2cef799efa3936bb08e8ccb9433a575722b9dd986023f1cabc4ae64e9dac16", size = 179573, upload-time = "2025-01-12T17:22:48.897Z" }
wheels = [
    { url = "https://files.pythonhosted.org/packages/ca/d7/eb76863d2060dcbe7c7e6cccfd95ac02ea0b9acc37745a0d99ff6457aefb/pyOpenSSL-25.0.0-py3-none-any.whl", hash = "sha256:424c247065e46e76a37411b9ab1782541c23bb658bf003772c3405fbaa128e90", size = 56453, upload-time = "2025-01-12T17:22:43.44Z" },
]

[[package]]
name = "python-dateutil"
version = "2.9.0.post0"
source = { registry = "https://pypi.org/simple" }
dependencies = [
    { name = "six" },
]
sdist = { url = "https://files.pythonhosted.org/packages/66/c0/0c8b6ad9f17a802ee498c46e004a0eb49bc148f2fd230864601a86dcf6db/python-dateutil-2.9.0.post0.tar.gz", hash = "sha256:37dd54208da7e1cd875388217d5e00ebd4179249f90fb72437e91a35459a0ad3", size = 342432, upload-time = "2024-03-01T18:36:20.211Z" }
wheels = [
    { url = "https://files.pythonhosted.org/packages/ec/57/56b9bcc3c9c6a792fcbaf139543cee77261f3651ca9da0c93f5c1221264b/python_dateutil-2.9.0.post0-py2.py3-none-any.whl", hash = "sha256:a8b2bc7bffae282281c8140a97d3aa9c14da0b136dfe83f850eea9a5f7470427", size = 229892, upload-time = "2024-03-01T18:36:18.57Z" },
]

[[package]]
name = "python-editor"
version = "1.0.4"
source = { registry = "https://pypi.org/simple" }
sdist = { url = "https://files.pythonhosted.org/packages/0a/85/78f4a216d28343a67b7397c99825cff336330893f00601443f7c7b2f2234/python-editor-1.0.4.tar.gz", hash = "sha256:51fda6bcc5ddbbb7063b2af7509e43bd84bfc32a4ff71349ec7847713882327b", size = 7132, upload-time = "2019-02-01T07:33:13.653Z" }
wheels = [
    { url = "https://files.pythonhosted.org/packages/c6/d3/201fc3abe391bbae6606e6f1d598c15d367033332bd54352b12f35513717/python_editor-1.0.4-py3-none-any.whl", hash = "sha256:1bf6e860a8ad52a14c3ee1252d5dc25b2030618ed80c022598f00176adc8367d", size = 4877, upload-time = "2019-02-01T07:33:12.47Z" },
]

[[package]]
name = "setuptools"
version = "76.0.0"
source = { registry = "https://pypi.org/simple" }
sdist = { url = "https://files.pythonhosted.org/packages/32/d2/7b171caf085ba0d40d8391f54e1c75a1cda9255f542becf84575cfd8a732/setuptools-76.0.0.tar.gz", hash = "sha256:43b4ee60e10b0d0ee98ad11918e114c70701bc6051662a9a675a0496c1a158f4", size = 1349387, upload-time = "2025-03-09T13:59:49.697Z" }
wheels = [
    { url = "https://files.pythonhosted.org/packages/37/66/d2d7e6ad554f3a7c7297c3f8ef6e22643ad3d35ef5c63bf488bc89f32f31/setuptools-76.0.0-py3-none-any.whl", hash = "sha256:199466a166ff664970d0ee145839f5582cb9bca7a0a3a2e795b6a9cb2308e9c6", size = 1236106, upload-time = "2025-03-09T13:59:48.208Z" },
]

[[package]]
name = "six"
version = "1.17.0"
source = { registry = "https://pypi.org/simple" }
sdist = { url = "https://files.pythonhosted.org/packages/94/e7/b2c673351809dca68a0e064b6af791aa332cf192da575fd474ed7d6f16a2/six-1.17.0.tar.gz", hash = "sha256:ff70335d468e7eb6ec65b95b99d3a2836546063f63acc5171de367e834932a81", size = 34031, upload-time = "2024-12-04T17:35:28.174Z" }
wheels = [
    { url = "https://files.pythonhosted.org/packages/b7/ce/149a00dd41f10bc29e5921b496af8b574d8413afcd5e30dfa0ed46c2cc5e/six-1.17.0-py2.py3-none-any.whl", hash = "sha256:4721f391ed90541fddacab5acf947aa0d3dc7d27b2e1e8eda2be8970586c3274", size = 11050, upload-time = "2024-12-04T17:35:26.475Z" },
]

[[package]]
name = "sqlalchemy"
version = "1.3.4"
source = { registry = "https://pypi.org/simple" }
sdist = { url = "https://files.pythonhosted.org/packages/ba/37/094ecf4b218f20572986dc90fe8c6aed32e2a711bcd02ce8ef251fde2011/SQLAlchemy-1.3.4.tar.gz", hash = "sha256:c7fef198b43ef31dfd783d094fd5ee435ce8717592e6784c45ba337254998017", size = 5877278, upload-time = "2019-05-28T02:10:01.974Z" }

[[package]]
name = "tomli"
version = "2.2.1"
source = { registry = "https://pypi.org/simple" }
sdist = { url = "https://files.pythonhosted.org/packages/18/87/302344fed471e44a87289cf4967697d07e532f2421fdaf868a303cbae4ff/tomli-2.2.1.tar.gz", hash = "sha256:cd45e1dc79c835ce60f7404ec8119f2eb06d38b1deba146f07ced3bbc44505ff", size = 17175, upload-time = "2024-11-27T22:38:36.873Z" }
wheels = [
    { url = "https://files.pythonhosted.org/packages/6e/c2/61d3e0f47e2b74ef40a68b9e6ad5984f6241a942f7cd3bbfbdbd03861ea9/tomli-2.2.1-py3-none-any.whl", hash = "sha256:cb55c73c5f4408779d0cf3eef9f762b9c9f147a77de7b258bef0a5628adc85cc", size = 14257, upload-time = "2024-11-27T22:38:35.385Z" },
]

[[package]]
name = "twisted"
version = "18.4.0"
source = { registry = "https://pypi.org/simple" }
dependencies = [
    { name = "automat" },
    { name = "constantly" },
    { name = "hyperlink" },
    { name = "incremental" },
    { name = "zope-interface" },
]
sdist = { url = "https://files.pythonhosted.org/packages/12/2a/e9e4fb2e6b2f7a75577e0614926819a472934b0b85f205ba5d5d2add54d0/Twisted-18.4.0.tar.bz2", hash = "sha256:a4cc164a781859c74de47f17f0e85f4bce8a3321a9d0892c015c8f80c4158ad9", size = 3037019, upload-time = "2018-04-29T11:10:56.123Z" }

[[package]]
name = "txaio"
version = "23.1.1"
source = { registry = "https://pypi.org/simple" }
sdist = { url = "https://files.pythonhosted.org/packages/51/91/bc9fd5aa84703f874dea27313b11fde505d343f3ef3ad702bddbe20bfd6e/txaio-23.1.1.tar.gz", hash = "sha256:f9a9216e976e5e3246dfd112ad7ad55ca915606b60b84a757ac769bd404ff704", size = 53704, upload-time = "2023-01-15T14:11:27.475Z" }
wheels = [
    { url = "https://files.pythonhosted.org/packages/7d/6c/a53cc9a97c2da76d9cd83c03f377468599a28f2d4ad9fc71c3b99640e71e/txaio-23.1.1-py2.py3-none-any.whl", hash = "sha256:aaea42f8aad50e0ecfb976130ada140797e9dcb85fad2cf72b0f37f8cefcb490", size = 30512, upload-time = "2023-01-15T14:11:24.999Z" },
]

[[package]]
name = "typing-extensions"
version = "4.12.2"
source = { registry = "https://pypi.org/simple" }
sdist = { url = "https://files.pythonhosted.org/packages/df/db/f35a00659bc03fec321ba8bce9420de607a1d37f8342eee1863174c69557/typing_extensions-4.12.2.tar.gz", hash = "sha256:1a7ead55c7e559dd4dee8856e3a88b41225abfe1ce8df57b7c13915fe121ffb8", size = 85321, upload-time = "2024-06-07T18:52:15.995Z" }
wheels = [
    { url = "https://files.pythonhosted.org/packages/26/9f/ad63fc0248c5379346306f8668cda6e2e2e9c95e01216d2b8ffd9ff037d0/typing_extensions-4.12.2-py3-none-any.whl", hash = "sha256:04e5ca0351e0f3f85c6853954072df659d0d13fac324d0072316b67d7794700d", size = 37438, upload-time = "2024-06-07T18:52:13.582Z" },
]

[[package]]
name = "yugioh-game"
version = "0.1.0"
source = { virtual = "." }
dependencies = [
    { name = "alembic" },
    { name = "attrs" },
    { name = "autobahn" },
    { name = "babel" },
    { name = "cffi" },
    { name = "gsb" },
    { name = "mailchecker" },
    { name = "natsort" },
    { name = "passlib" },
    { name = "pyopenssl" },
    { name = "sqlalchemy" },
    { name = "twisted" },
]

[package.metadata]
requires-dist = [
    { name = "aenum", marker = "python_full_version < '3.6'", specifier = "==2.2.1" },
    { name = "alembic", specifier = "==1.0.10" },
    { name = "attrs", specifier = "==17.2.0" },
    { name = "autobahn", specifier = "==17.9.2" },
    { name = "babel", specifier = ">=2.17.0" },
    { name = "cffi", specifier = ">=1.17.1" },
    { name = "gsb", git = "https://github.com/chrisnorman7/game-server-base.git?rev=e2d0f12912bea56796e9b7fe7ab7ac8d2bae1311" },
    { name = "mailchecker", specifier = ">=6.0.16" },
    { name = "natsort", specifier = "==5.1.0" },
    { name = "passlib", specifier = "==1.7.1" },
    { name = "pyopenssl", specifier = ">=25.0.0" },
    { name = "sqlalchemy", specifier = "==1.3.4" },
    { name = "twisted", specifier = "==18.4.0" },
]

[[package]]
name = "zope-interface"
version = "7.2"
source = { registry = "https://pypi.org/simple" }
dependencies = [
    { name = "setuptools" },
]
sdist = { url = "https://files.pythonhosted.org/packages/30/93/9210e7606be57a2dfc6277ac97dcc864fd8d39f142ca194fdc186d596fda/zope.interface-7.2.tar.gz", hash = "sha256:8b49f1a3d1ee4cdaf5b32d2e738362c7f5e40ac8b46dd7d1a65e82a4872728fe", size = 252960, upload-time = "2024-11-28T08:45:39.224Z" }
wheels = [
    { url = "https://files.pythonhosted.org/packages/76/71/e6177f390e8daa7e75378505c5ab974e0bf59c1d3b19155638c7afbf4b2d/zope.interface-7.2-cp310-cp310-macosx_10_9_x86_64.whl", hash = "sha256:ce290e62229964715f1011c3dbeab7a4a1e4971fd6f31324c4519464473ef9f2", size = 208243, upload-time = "2024-11-28T08:47:29.781Z" },
    { url = "https://files.pythonhosted.org/packages/52/db/7e5f4226bef540f6d55acfd95cd105782bc6ee044d9b5587ce2c95558a5e/zope.interface-7.2-cp310-cp310-macosx_11_0_arm64.whl", hash = "sha256:05b910a5afe03256b58ab2ba6288960a2892dfeef01336dc4be6f1b9ed02ab0a", size = 208759, upload-time = "2024-11-28T08:47:31.908Z" },
    { url = "https://files.pythonhosted.org/packages/28/ea/fdd9813c1eafd333ad92464d57a4e3a82b37ae57c19497bcffa42df673e4/zope.interface-7.2-cp310-cp310-manylinux_2_17_aarch64.manylinux2014_aarch64.whl", hash = "sha256:550f1c6588ecc368c9ce13c44a49b8d6b6f3ca7588873c679bd8fd88a1b557b6", size = 254922, upload-time = "2024-11-28T09:18:11.795Z" },
    { url = "https://files.pythonhosted.org/packages/3b/d3/0000a4d497ef9fbf4f66bb6828b8d0a235e690d57c333be877bec763722f/zope.interface-7.2-cp310-cp310-manylinux_2_5_i686.manylinux1_i686.manylinux_2_17_i686.manylinux2014_i686.whl", hash = "sha256:0ef9e2f865721553c6f22a9ff97da0f0216c074bd02b25cf0d3af60ea4d6931d", size = 249367, upload-time = "2024-11-28T08:48:24.238Z" },
    { url = "https://files.pythonhosted.org/packages/3e/e5/0b359e99084f033d413419eff23ee9c2bd33bca2ca9f4e83d11856f22d10/zope.interface-7.2-cp310-cp310-manylinux_2_5_x86_64.manylinux1_x86_64.manylinux_2_17_x86_64.manylinux2014_x86_64.whl", hash = "sha256:27f926f0dcb058211a3bb3e0e501c69759613b17a553788b2caeb991bed3b61d", size = 254488, upload-time = "2024-11-28T08:48:28.816Z" },
    { url = "https://files.pythonhosted.org/packages/7b/90/12d50b95f40e3b2fc0ba7f7782104093b9fd62806b13b98ef4e580f2ca61/zope.interface-7.2-cp310-cp310-win_amd64.whl", hash = "sha256:144964649eba4c5e4410bb0ee290d338e78f179cdbfd15813de1a664e7649b3b", size = 211947, upload-time = "2024-11-28T08:48:18.831Z" },
]
